// !$*UTF8*$!
{
	archiveVersion = 1;
	classes = {
	};
	objectVersion = 56;
	objects = {

/* Begin PBXBuildFile section */
		7E0B59B52B30AFC900056C97 /* View+Extension.swift in Sources */ = {isa = PBXBuildFile; fileRef = 7E0B59B42B30AFC900056C97 /* View+Extension.swift */; };
		7E0B59BA2B30B87700056C97 /* MainScreen.swift in Sources */ = {isa = PBXBuildFile; fileRef = 7E0B59B92B30B87700056C97 /* MainScreen.swift */; };
		7E0B59BD2B30BB9A00056C97 /* FileDistributionBarView.swift in Sources */ = {isa = PBXBuildFile; fileRef = 7E0B59BC2B30BB9A00056C97 /* FileDistributionBarView.swift */; };
		7E0B59BF2B30BC5000056C97 /* Color+Extension.swift in Sources */ = {isa = PBXBuildFile; fileRef = 7E0B59BE2B30BC5000056C97 /* Color+Extension.swift */; };
		7E0B59C22B30BF2400056C97 /* RoundedCorner.swift in Sources */ = {isa = PBXBuildFile; fileRef = 7E0B59C12B30BF2400056C97 /* RoundedCorner.swift */; };
		7E10527A2B49709500C86E08 /* StorageManager.swift in Sources */ = {isa = PBXBuildFile; fileRef = 7E1052792B49709500C86E08 /* StorageManager.swift */; };
		7E10527C2B49AC4E00C86E08 /* PhotosManager.swift in Sources */ = {isa = PBXBuildFile; fileRef = 7E10527B2B49AC4E00C86E08 /* PhotosManager.swift */; };
		7E1C6E5C2B35D928002FB738 /* CardView.swift in Sources */ = {isa = PBXBuildFile; fileRef = 7E1C6E5B2B35D928002FB738 /* CardView.swift */; };
		7E1C6E5E2B35E3C8002FB738 /* Row.swift in Sources */ = {isa = PBXBuildFile; fileRef = 7E1C6E5D2B35E3C8002FB738 /* Row.swift */; };
		7E1C6E612B35EA9A002FB738 /* DetailScreen.swift in Sources */ = {isa = PBXBuildFile; fileRef = 7E1C6E602B35EA9A002FB738 /* DetailScreen.swift */; };
		7E2336142B3F60450069A270 /* SignUpScreen.swift in Sources */ = {isa = PBXBuildFile; fileRef = 7E2336132B3F60450069A270 /* SignUpScreen.swift */; };
		7E3CAFAD2B35D00F00ED45B2 /* InteractiveDonutView.swift in Sources */ = {isa = PBXBuildFile; fileRef = 7E3CAFAC2B35D00F00ED45B2 /* InteractiveDonutView.swift */; };
		7E3CAFB02B35D09F00ED45B2 /* Product.swift in Sources */ = {isa = PBXBuildFile; fileRef = 7E3CAFAF2B35D09F00ED45B2 /* Product.swift */; };
		7E44A6C12B2A0CC300740EC4 /* FusionApp.swift in Sources */ = {isa = PBXBuildFile; fileRef = 7E44A6C02B2A0CC300740EC4 /* FusionApp.swift */; };
		7E44A6C52B2A0CC400740EC4 /* Assets.xcassets in Resources */ = {isa = PBXBuildFile; fileRef = 7E44A6C42B2A0CC400740EC4 /* Assets.xcassets */; };
		7E44A6C82B2A0CC400740EC4 /* Preview Assets.xcassets in Resources */ = {isa = PBXBuildFile; fileRef = 7E44A6C72B2A0CC400740EC4 /* Preview Assets.xcassets */; };
		7E44A6DE2B2A0DBD00740EC4 /* FirebaseAuth in Frameworks */ = {isa = PBXBuildFile; productRef = 7E44A6DD2B2A0DBD00740EC4 /* FirebaseAuth */; };
		7E44A6E02B2A0DBD00740EC4 /* FirebaseAuthCombine-Community in Frameworks */ = {isa = PBXBuildFile; productRef = 7E44A6DF2B2A0DBD00740EC4 /* FirebaseAuthCombine-Community */; };
		7E44A6E42B2A0DBD00740EC4 /* FirebaseDatabase in Frameworks */ = {isa = PBXBuildFile; productRef = 7E44A6E32B2A0DBD00740EC4 /* FirebaseDatabase */; };
		7E44A6E62B2A0DBD00740EC4 /* FirebaseDatabaseSwift in Frameworks */ = {isa = PBXBuildFile; productRef = 7E44A6E52B2A0DBD00740EC4 /* FirebaseDatabaseSwift */; };
		7E44A6EA2B2A0DBD00740EC4 /* FirebaseFirestore in Frameworks */ = {isa = PBXBuildFile; productRef = 7E44A6E92B2A0DBD00740EC4 /* FirebaseFirestore */; };
		7E44A6EC2B2A0DBD00740EC4 /* FirebaseFirestoreCombine-Community in Frameworks */ = {isa = PBXBuildFile; productRef = 7E44A6EB2B2A0DBD00740EC4 /* FirebaseFirestoreCombine-Community */; };
		7E44A6EE2B2A0DBD00740EC4 /* FirebaseFirestoreSwift in Frameworks */ = {isa = PBXBuildFile; productRef = 7E44A6ED2B2A0DBD00740EC4 /* FirebaseFirestoreSwift */; };
		7E44A7042B2A0DBD00740EC4 /* FirebaseStorage in Frameworks */ = {isa = PBXBuildFile; productRef = 7E44A7032B2A0DBD00740EC4 /* FirebaseStorage */; };
		7E44A7062B2A0DBD00740EC4 /* FirebaseStorageCombine-Community in Frameworks */ = {isa = PBXBuildFile; productRef = 7E44A7052B2A0DBD00740EC4 /* FirebaseStorageCombine-Community */; };
		7E44A7082B2A0DEA00740EC4 /* AppDelegate.swift in Sources */ = {isa = PBXBuildFile; fileRef = 7E44A7072B2A0DEA00740EC4 /* AppDelegate.swift */; };
		7E44A7102B2A139900740EC4 /* NavigationRouter.swift in Sources */ = {isa = PBXBuildFile; fileRef = 7E44A70C2B2A139900740EC4 /* NavigationRouter.swift */; };
		7E44A7112B2A139900740EC4 /* Router.swift in Sources */ = {isa = PBXBuildFile; fileRef = 7E44A70D2B2A139900740EC4 /* Router.swift */; };
		7E44A7122B2A139900740EC4 /* NavigationTransitionStyle.swift in Sources */ = {isa = PBXBuildFile; fileRef = 7E44A70E2B2A139900740EC4 /* NavigationTransitionStyle.swift */; };
		7E44A7132B2A139900740EC4 /* Coordinator.swift in Sources */ = {isa = PBXBuildFile; fileRef = 7E44A70F2B2A139900740EC4 /* Coordinator.swift */; };
		7E44A7162B2A13C900740EC4 /* SirioKitIOS in Frameworks */ = {isa = PBXBuildFile; productRef = 7E44A7152B2A13C900740EC4 /* SirioKitIOS */; };
		7E44A7192B2A13EE00740EC4 /* SplashVC.swift in Sources */ = {isa = PBXBuildFile; fileRef = 7E44A7182B2A13EE00740EC4 /* SplashVC.swift */; };
		7E44A71B2B2A13F500740EC4 /* SplashScreen.swift in Sources */ = {isa = PBXBuildFile; fileRef = 7E44A71A2B2A13F500740EC4 /* SplashScreen.swift */; };
		7E44A71F2B2A142F00740EC4 /* HomeScreen.swift in Sources */ = {isa = PBXBuildFile; fileRef = 7E44A71E2B2A142F00740EC4 /* HomeScreen.swift */; };
		7E44A7212B2A158500740EC4 /* DatabaseEnvironment.swift in Sources */ = {isa = PBXBuildFile; fileRef = 7E44A7202B2A158500740EC4 /* DatabaseEnvironment.swift */; };
		7E44A7242B2A187900740EC4 /* SignInScreen.swift in Sources */ = {isa = PBXBuildFile; fileRef = 7E44A7232B2A187900740EC4 /* SignInScreen.swift */; };
		7E44A7262B2A206500740EC4 /* LoginViewModel.swift in Sources */ = {isa = PBXBuildFile; fileRef = 7E44A7252B2A206500740EC4 /* LoginViewModel.swift */; };
		7E44A7292B2A21D500740EC4 /* GoogleSignIn in Frameworks */ = {isa = PBXBuildFile; productRef = 7E44A7282B2A21D500740EC4 /* GoogleSignIn */; };
		7E44A72B2B2A21D500740EC4 /* GoogleSignInSwift in Frameworks */ = {isa = PBXBuildFile; productRef = 7E44A72A2B2A21D500740EC4 /* GoogleSignInSwift */; };
		7E4760782B45A364006BECDD /* ProgressBarViewModifier.swift in Sources */ = {isa = PBXBuildFile; fileRef = 7E4760772B45A364006BECDD /* ProgressBarViewModifier.swift */; };
		7E47607A2B477927006BECDD /* CGFloat+Extension.swift in Sources */ = {isa = PBXBuildFile; fileRef = 7E4760792B477927006BECDD /* CGFloat+Extension.swift */; };
		7E47607C2B477B94006BECDD /* Date+Extension.swift in Sources */ = {isa = PBXBuildFile; fileRef = 7E47607B2B477B94006BECDD /* Date+Extension.swift */; };
		7E4760812B4835F5006BECDD /* GoogleService-Info.plist in Resources */ = {isa = PBXBuildFile; fileRef = 7E4760802B4835F5006BECDD /* GoogleService-Info.plist */; };
		7EAE01AC2B4AAE4500CC5BC3 /* MGText.swift in Sources */ = {isa = PBXBuildFile; fileRef = 7EAE01AB2B4AAE4500CC5BC3 /* MGText.swift */; };
		7EAE01B12B4ABA8800CC5BC3 /* Titillium Web Regular.ttf in Resources */ = {isa = PBXBuildFile; fileRef = 7EAE01AE2B4ABA8800CC5BC3 /* Titillium Web Regular.ttf */; };
		7EAE01B22B4ABA8800CC5BC3 /* Titillium Web SemiBold.ttf in Resources */ = {isa = PBXBuildFile; fileRef = 7EAE01AF2B4ABA8800CC5BC3 /* Titillium Web SemiBold.ttf */; };
		7EAE01B32B4ABA8800CC5BC3 /* Titillium Web Bold.ttf in Resources */ = {isa = PBXBuildFile; fileRef = 7EAE01B02B4ABA8800CC5BC3 /* Titillium Web Bold.ttf */; };
		7EAE01B52B4ABD6400CC5BC3 /* SharedItemsViewModel.swift in Sources */ = {isa = PBXBuildFile; fileRef = 7EAE01B42B4ABD6400CC5BC3 /* SharedItemsViewModel.swift */; };
		7EAE01B72B4ABDD400CC5BC3 /* DocumentsManager.swift in Sources */ = {isa = PBXBuildFile; fileRef = 7EAE01B62B4ABDD400CC5BC3 /* DocumentsManager.swift */; };
		7EAE01B92B4ABDFD00CC5BC3 /* Utils.swift in Sources */ = {isa = PBXBuildFile; fileRef = 7EAE01B82B4ABDFD00CC5BC3 /* Utils.swift */; };
		7EAE01BB2B4ABEF600CC5BC3 /* DataManager.swift in Sources */ = {isa = PBXBuildFile; fileRef = 7EAE01BA2B4ABEF600CC5BC3 /* DataManager.swift */; };
		7EB2A91B2B3F02E000DAB7AB /* Item.swift in Sources */ = {isa = PBXBuildFile; fileRef = 7EB2A91A2B3F02E000DAB7AB /* Item.swift */; };
		7EE523AF2B3CB946004DB658 /* UploaderViewModel.swift in Sources */ = {isa = PBXBuildFile; fileRef = 7EE523AE2B3CB946004DB658 /* UploaderViewModel.swift */; };
		7EE523B22B3DF555004DB658 /* PhotoLibraryPickerView.swift in Sources */ = {isa = PBXBuildFile; fileRef = 7EE523B12B3DF555004DB658 /* PhotoLibraryPickerView.swift */; };
		7EE523B42B3DF574004DB658 /* Localizable.swift in Sources */ = {isa = PBXBuildFile; fileRef = 7EE523B32B3DF574004DB658 /* Localizable.swift */; };
/* End PBXBuildFile section */

/* Begin PBXFileReference section */
		7E0B59B22B30AF3B00056C97 /* Info.plist */ = {isa = PBXFileReference; lastKnownFileType = text.plist; path = Info.plist; sourceTree = "<group>"; };
		7E0B59B42B30AFC900056C97 /* View+Extension.swift */ = {isa = PBXFileReference; lastKnownFileType = sourcecode.swift; path = "View+Extension.swift"; sourceTree = "<group>"; };
		7E0B59B92B30B87700056C97 /* MainScreen.swift */ = {isa = PBXFileReference; lastKnownFileType = sourcecode.swift; path = MainScreen.swift; sourceTree = "<group>"; };
		7E0B59BC2B30BB9A00056C97 /* FileDistributionBarView.swift */ = {isa = PBXFileReference; lastKnownFileType = sourcecode.swift; path = FileDistributionBarView.swift; sourceTree = "<group>"; };
		7E0B59BE2B30BC5000056C97 /* Color+Extension.swift */ = {isa = PBXFileReference; lastKnownFileType = sourcecode.swift; path = "Color+Extension.swift"; sourceTree = "<group>"; };
		7E0B59C12B30BF2400056C97 /* RoundedCorner.swift */ = {isa = PBXFileReference; lastKnownFileType = sourcecode.swift; path = RoundedCorner.swift; sourceTree = "<group>"; };
		7E1052792B49709500C86E08 /* StorageManager.swift */ = {isa = PBXFileReference; lastKnownFileType = sourcecode.swift; path = StorageManager.swift; sourceTree = "<group>"; };
		7E10527B2B49AC4E00C86E08 /* PhotosManager.swift */ = {isa = PBXFileReference; lastKnownFileType = sourcecode.swift; path = PhotosManager.swift; sourceTree = "<group>"; };
		7E1C6E5B2B35D928002FB738 /* CardView.swift */ = {isa = PBXFileReference; lastKnownFileType = sourcecode.swift; path = CardView.swift; sourceTree = "<group>"; };
		7E1C6E5D2B35E3C8002FB738 /* Row.swift */ = {isa = PBXFileReference; lastKnownFileType = sourcecode.swift; path = Row.swift; sourceTree = "<group>"; };
		7E1C6E602B35EA9A002FB738 /* DetailScreen.swift */ = {isa = PBXFileReference; lastKnownFileType = sourcecode.swift; path = DetailScreen.swift; sourceTree = "<group>"; };
		7E2336132B3F60450069A270 /* SignUpScreen.swift */ = {isa = PBXFileReference; lastKnownFileType = sourcecode.swift; path = SignUpScreen.swift; sourceTree = "<group>"; };
		7E3CAFAC2B35D00F00ED45B2 /* InteractiveDonutView.swift */ = {isa = PBXFileReference; lastKnownFileType = sourcecode.swift; path = InteractiveDonutView.swift; sourceTree = "<group>"; };
		7E3CAFAF2B35D09F00ED45B2 /* Product.swift */ = {isa = PBXFileReference; lastKnownFileType = sourcecode.swift; path = Product.swift; sourceTree = "<group>"; };
		7E44A6BD2B2A0CC300740EC4 /* Fusion.app */ = {isa = PBXFileReference; explicitFileType = wrapper.application; includeInIndex = 0; path = Fusion.app; sourceTree = BUILT_PRODUCTS_DIR; };
		7E44A6C02B2A0CC300740EC4 /* FusionApp.swift */ = {isa = PBXFileReference; lastKnownFileType = sourcecode.swift; path = FusionApp.swift; sourceTree = "<group>"; };
		7E44A6C42B2A0CC400740EC4 /* Assets.xcassets */ = {isa = PBXFileReference; lastKnownFileType = folder.assetcatalog; path = Assets.xcassets; sourceTree = "<group>"; };
		7E44A6C72B2A0CC400740EC4 /* Preview Assets.xcassets */ = {isa = PBXFileReference; lastKnownFileType = folder.assetcatalog; path = "Preview Assets.xcassets"; sourceTree = "<group>"; };
		7E44A7072B2A0DEA00740EC4 /* AppDelegate.swift */ = {isa = PBXFileReference; lastKnownFileType = sourcecode.swift; path = AppDelegate.swift; sourceTree = "<group>"; };
		7E44A70C2B2A139900740EC4 /* NavigationRouter.swift */ = {isa = PBXFileReference; fileEncoding = 4; lastKnownFileType = sourcecode.swift; path = NavigationRouter.swift; sourceTree = "<group>"; };
		7E44A70D2B2A139900740EC4 /* Router.swift */ = {isa = PBXFileReference; fileEncoding = 4; lastKnownFileType = sourcecode.swift; path = Router.swift; sourceTree = "<group>"; };
		7E44A70E2B2A139900740EC4 /* NavigationTransitionStyle.swift */ = {isa = PBXFileReference; fileEncoding = 4; lastKnownFileType = sourcecode.swift; path = NavigationTransitionStyle.swift; sourceTree = "<group>"; };
		7E44A70F2B2A139900740EC4 /* Coordinator.swift */ = {isa = PBXFileReference; fileEncoding = 4; lastKnownFileType = sourcecode.swift; path = Coordinator.swift; sourceTree = "<group>"; };
		7E44A7182B2A13EE00740EC4 /* SplashVC.swift */ = {isa = PBXFileReference; lastKnownFileType = sourcecode.swift; path = SplashVC.swift; sourceTree = "<group>"; };
		7E44A71A2B2A13F500740EC4 /* SplashScreen.swift */ = {isa = PBXFileReference; lastKnownFileType = sourcecode.swift; path = SplashScreen.swift; sourceTree = "<group>"; };
		7E44A71E2B2A142F00740EC4 /* HomeScreen.swift */ = {isa = PBXFileReference; lastKnownFileType = sourcecode.swift; path = HomeScreen.swift; sourceTree = "<group>"; };
		7E44A7202B2A158500740EC4 /* DatabaseEnvironment.swift */ = {isa = PBXFileReference; lastKnownFileType = sourcecode.swift; path = DatabaseEnvironment.swift; sourceTree = "<group>"; };
		7E44A7232B2A187900740EC4 /* SignInScreen.swift */ = {isa = PBXFileReference; lastKnownFileType = sourcecode.swift; path = SignInScreen.swift; sourceTree = "<group>"; };
		7E44A7252B2A206500740EC4 /* LoginViewModel.swift */ = {isa = PBXFileReference; lastKnownFileType = sourcecode.swift; path = LoginViewModel.swift; sourceTree = "<group>"; };
		7E4760772B45A364006BECDD /* ProgressBarViewModifier.swift */ = {isa = PBXFileReference; lastKnownFileType = sourcecode.swift; path = ProgressBarViewModifier.swift; sourceTree = "<group>"; };
		7E4760792B477927006BECDD /* CGFloat+Extension.swift */ = {isa = PBXFileReference; lastKnownFileType = sourcecode.swift; path = "CGFloat+Extension.swift"; sourceTree = "<group>"; };
		7E47607B2B477B94006BECDD /* Date+Extension.swift */ = {isa = PBXFileReference; lastKnownFileType = sourcecode.swift; path = "Date+Extension.swift"; sourceTree = "<group>"; };
		7E4760802B4835F5006BECDD /* GoogleService-Info.plist */ = {isa = PBXFileReference; fileEncoding = 4; lastKnownFileType = text.plist.xml; path = "GoogleService-Info.plist"; sourceTree = "<group>"; };
		7E78AD7D2B30A9F000524943 /* Appunti.md */ = {isa = PBXFileReference; lastKnownFileType = net.daringfireball.markdown; path = Appunti.md; sourceTree = "<group>"; };
		7EAE01AB2B4AAE4500CC5BC3 /* MGText.swift */ = {isa = PBXFileReference; lastKnownFileType = sourcecode.swift; path = MGText.swift; sourceTree = "<group>"; };
		7EAE01AE2B4ABA8800CC5BC3 /* Titillium Web Regular.ttf */ = {isa = PBXFileReference; lastKnownFileType = file; path = "Titillium Web Regular.ttf"; sourceTree = "<group>"; };
		7EAE01AF2B4ABA8800CC5BC3 /* Titillium Web SemiBold.ttf */ = {isa = PBXFileReference; lastKnownFileType = file; path = "Titillium Web SemiBold.ttf"; sourceTree = "<group>"; };
		7EAE01B02B4ABA8800CC5BC3 /* Titillium Web Bold.ttf */ = {isa = PBXFileReference; lastKnownFileType = file; path = "Titillium Web Bold.ttf"; sourceTree = "<group>"; };
		7EAE01B42B4ABD6400CC5BC3 /* SharedItemsViewModel.swift */ = {isa = PBXFileReference; lastKnownFileType = sourcecode.swift; path = SharedItemsViewModel.swift; sourceTree = "<group>"; };
		7EAE01B62B4ABDD400CC5BC3 /* DocumentsManager.swift */ = {isa = PBXFileReference; lastKnownFileType = sourcecode.swift; path = DocumentsManager.swift; sourceTree = "<group>"; };
		7EAE01B82B4ABDFD00CC5BC3 /* Utils.swift */ = {isa = PBXFileReference; lastKnownFileType = sourcecode.swift; path = Utils.swift; sourceTree = "<group>"; };
		7EAE01BA2B4ABEF600CC5BC3 /* DataManager.swift */ = {isa = PBXFileReference; lastKnownFileType = sourcecode.swift; path = DataManager.swift; sourceTree = "<group>"; };
		7EB2A91A2B3F02E000DAB7AB /* Item.swift */ = {isa = PBXFileReference; lastKnownFileType = sourcecode.swift; path = Item.swift; sourceTree = "<group>"; };
		7EE523AE2B3CB946004DB658 /* UploaderViewModel.swift */ = {isa = PBXFileReference; lastKnownFileType = sourcecode.swift; path = UploaderViewModel.swift; sourceTree = "<group>"; };
		7EE523B12B3DF555004DB658 /* PhotoLibraryPickerView.swift */ = {isa = PBXFileReference; lastKnownFileType = sourcecode.swift; path = PhotoLibraryPickerView.swift; sourceTree = "<group>"; };
		7EE523B32B3DF574004DB658 /* Localizable.swift */ = {isa = PBXFileReference; lastKnownFileType = sourcecode.swift; path = Localizable.swift; sourceTree = "<group>"; };
/* End PBXFileReference section */

/* Begin PBXFrameworksBuildPhase section */
		7E44A6BA2B2A0CC300740EC4 /* Frameworks */ = {
			isa = PBXFrameworksBuildPhase;
			buildActionMask = 2147483647;
			files = (
				7E44A7162B2A13C900740EC4 /* SirioKitIOS in Frameworks */,
				7E44A6E42B2A0DBD00740EC4 /* FirebaseDatabase in Frameworks */,
				7E44A6EA2B2A0DBD00740EC4 /* FirebaseFirestore in Frameworks */,
				7E44A6EE2B2A0DBD00740EC4 /* FirebaseFirestoreSwift in Frameworks */,
				7E44A72B2B2A21D500740EC4 /* GoogleSignInSwift in Frameworks */,
				7E44A7292B2A21D500740EC4 /* GoogleSignIn in Frameworks */,
				7E44A6DE2B2A0DBD00740EC4 /* FirebaseAuth in Frameworks */,
				7E44A6E62B2A0DBD00740EC4 /* FirebaseDatabaseSwift in Frameworks */,
				7E44A7062B2A0DBD00740EC4 /* FirebaseStorageCombine-Community in Frameworks */,
				7E44A6E02B2A0DBD00740EC4 /* FirebaseAuthCombine-Community in Frameworks */,
				7E44A7042B2A0DBD00740EC4 /* FirebaseStorage in Frameworks */,
				7E44A6EC2B2A0DBD00740EC4 /* FirebaseFirestoreCombine-Community in Frameworks */,
			);
			runOnlyForDeploymentPostprocessing = 0;
		};
/* End PBXFrameworksBuildPhase section */

/* Begin PBXGroup section */
		7E0B59B32B30AFB700056C97 /* Extension */ = {
			isa = PBXGroup;
			children = (
				7E0B59B42B30AFC900056C97 /* View+Extension.swift */,
				7E0B59BE2B30BC5000056C97 /* Color+Extension.swift */,
				7E4760792B477927006BECDD /* CGFloat+Extension.swift */,
				7E47607B2B477B94006BECDD /* Date+Extension.swift */,
			);
			path = Extension;
			sourceTree = "<group>";
		};
		7E0B59B62B30B86500056C97 /* Main */ = {
			isa = PBXGroup;
			children = (
				7E0B59B92B30B87700056C97 /* MainScreen.swift */,
			);
			path = Main;
			sourceTree = "<group>";
		};
		7E0B59BB2B30BB5900056C97 /* Component */ = {
			isa = PBXGroup;
			children = (
				7E1C6E5B2B35D928002FB738 /* CardView.swift */,
				7E0B59BC2B30BB9A00056C97 /* FileDistributionBarView.swift */,
				7E3CAFAC2B35D00F00ED45B2 /* InteractiveDonutView.swift */,
				7EAE01AB2B4AAE4500CC5BC3 /* MGText.swift */,
				7E1C6E5D2B35E3C8002FB738 /* Row.swift */,
			);
			path = Component;
			sourceTree = "<group>";
		};
		7E0B59C02B30BF1900056C97 /* Shape */ = {
			isa = PBXGroup;
			children = (
				7E0B59C12B30BF2400056C97 /* RoundedCorner.swift */,
			);
			path = Shape;
			sourceTree = "<group>";
		};
		7E1052782B49708100C86E08 /* Storage */ = {
			isa = PBXGroup;
			children = (
				7E1052792B49709500C86E08 /* StorageManager.swift */,
			);
			path = Storage;
			sourceTree = "<group>";
		};
		7E2336152B3F62220069A270 /* Screen */ = {
			isa = PBXGroup;
			children = (
				7E44A7232B2A187900740EC4 /* SignInScreen.swift */,
				7E2336132B3F60450069A270 /* SignUpScreen.swift */,
			);
			path = Screen;
			sourceTree = "<group>";
		};
		7E2336162B3F62260069A270 /* ViewModel */ = {
			isa = PBXGroup;
			children = (
				7E44A7252B2A206500740EC4 /* LoginViewModel.swift */,
			);
			path = ViewModel;
			sourceTree = "<group>";
		};
		7E3CAFAE2B35D09500ED45B2 /* Model */ = {
			isa = PBXGroup;
			children = (
				7E3CAFAF2B35D09F00ED45B2 /* Product.swift */,
				7EB2A91A2B3F02E000DAB7AB /* Item.swift */,
			);
			path = Model;
			sourceTree = "<group>";
		};
		7E44A6B42B2A0CC300740EC4 = {
			isa = PBXGroup;
			children = (
				7E44A6BF2B2A0CC300740EC4 /* Fusion */,
				7E44A6BE2B2A0CC300740EC4 /* Products */,
			);
			sourceTree = "<group>";
		};
		7E44A6BE2B2A0CC300740EC4 /* Products */ = {
			isa = PBXGroup;
			children = (
				7E44A6BD2B2A0CC300740EC4 /* Fusion.app */,
			);
			name = Products;
			sourceTree = "<group>";
		};
		7E44A6BF2B2A0CC300740EC4 /* Fusion */ = {
			isa = PBXGroup;
			children = (
				7EAE01BC2B4AD22D00CC5BC3 /* DaRimuovere */,
				7EAE01AD2B4ABA7800CC5BC3 /* Fonts */,
				7E1052782B49708100C86E08 /* Storage */,
				7E44A7072B2A0DEA00740EC4 /* AppDelegate.swift */,
				7E78AD7D2B30A9F000524943 /* Appunti.md */,
				7E44A6C42B2A0CC400740EC4 /* Assets.xcassets */,
				7E0B59BB2B30BB5900056C97 /* Component */,
				7E44A70B2B2A139900740EC4 /* Coordinator */,
				7E44A7202B2A158500740EC4 /* DatabaseEnvironment.swift */,
				7E0B59B32B30AFB700056C97 /* Extension */,
				7EE523A92B3C9DEB004DB658 /* Firestore */,
				7E44A6C02B2A0CC300740EC4 /* FusionApp.swift */,
				7E4760802B4835F5006BECDD /* GoogleService-Info.plist */,
				7E0B59B22B30AF3B00056C97 /* Info.plist */,
				7EE523B32B3DF574004DB658 /* Localizable.swift */,
				7E44A7222B2A186D00740EC4 /* Login */,
				7E0B59B62B30B86500056C97 /* Main */,
				7E3CAFAE2B35D09500ED45B2 /* Model */,
				7E4760762B45A359006BECDD /* Modifier */,
				7EE523B12B3DF555004DB658 /* PhotoLibraryPickerView.swift */,
				7E44A6C62B2A0CC400740EC4 /* Preview Content */,
				7E47607D2B477F67006BECDD /* Screen */,
				7E0B59C02B30BF1900056C97 /* Shape */,
				7E44A7172B2A13E100740EC4 /* Splash */,
				7EE523AE2B3CB946004DB658 /* UploaderViewModel.swift */,
				7EAE01B42B4ABD6400CC5BC3 /* SharedItemsViewModel.swift */,
				7EAE01B82B4ABDFD00CC5BC3 /* Utils.swift */,
			);
			path = Fusion;
			sourceTree = "<group>";
		};
		7E44A6C62B2A0CC400740EC4 /* Preview Content */ = {
			isa = PBXGroup;
			children = (
				7E44A6C72B2A0CC400740EC4 /* Preview Assets.xcassets */,
			);
			path = "Preview Content";
			sourceTree = "<group>";
		};
		7E44A70B2B2A139900740EC4 /* Coordinator */ = {
			isa = PBXGroup;
			children = (
				7E44A70C2B2A139900740EC4 /* NavigationRouter.swift */,
				7E44A70D2B2A139900740EC4 /* Router.swift */,
				7E44A70E2B2A139900740EC4 /* NavigationTransitionStyle.swift */,
				7E44A70F2B2A139900740EC4 /* Coordinator.swift */,
			);
			path = Coordinator;
			sourceTree = "<group>";
		};
		7E44A7172B2A13E100740EC4 /* Splash */ = {
			isa = PBXGroup;
			children = (
				7E44A7182B2A13EE00740EC4 /* SplashVC.swift */,
				7E44A71A2B2A13F500740EC4 /* SplashScreen.swift */,
			);
			path = Splash;
			sourceTree = "<group>";
		};
		7E44A7222B2A186D00740EC4 /* Login */ = {
			isa = PBXGroup;
			children = (
				7E2336162B3F62260069A270 /* ViewModel */,
				7E2336152B3F62220069A270 /* Screen */,
			);
			path = Login;
			sourceTree = "<group>";
		};
		7E4760762B45A359006BECDD /* Modifier */ = {
			isa = PBXGroup;
			children = (
				7E4760772B45A364006BECDD /* ProgressBarViewModifier.swift */,
			);
			path = Modifier;
			sourceTree = "<group>";
		};
		7E47607D2B477F67006BECDD /* Screen */ = {
			isa = PBXGroup;
			children = (
				7E1C6E602B35EA9A002FB738 /* DetailScreen.swift */,
				7E44A71E2B2A142F00740EC4 /* HomeScreen.swift */,
			);
			path = Screen;
			sourceTree = "<group>";
		};
		7EAE01AD2B4ABA7800CC5BC3 /* Fonts */ = {
			isa = PBXGroup;
			children = (
				7EAE01B02B4ABA8800CC5BC3 /* Titillium Web Bold.ttf */,
				7EAE01AE2B4ABA8800CC5BC3 /* Titillium Web Regular.ttf */,
				7EAE01AF2B4ABA8800CC5BC3 /* Titillium Web SemiBold.ttf */,
			);
			path = Fonts;
			sourceTree = "<group>";
		};
		7EAE01BC2B4AD22D00CC5BC3 /* DaRimuovere */ = {
			isa = PBXGroup;
			children = (
				7E10527B2B49AC4E00C86E08 /* PhotosManager.swift */,
				7EAE01B62B4ABDD400CC5BC3 /* DocumentsManager.swift */,
			);
			path = DaRimuovere;
			sourceTree = "<group>";
		};
		7EE523A92B3C9DEB004DB658 /* Firestore */ = {
			isa = PBXGroup;
			children = (
				7EAE01BA2B4ABEF600CC5BC3 /* DataManager.swift */,
			);
			path = Firestore;
			sourceTree = "<group>";
		};
/* End PBXGroup section */

/* Begin PBXNativeTarget section */
		7E44A6BC2B2A0CC300740EC4 /* Fusion */ = {
			isa = PBXNativeTarget;
			buildConfigurationList = 7E44A6CB2B2A0CC400740EC4 /* Build configuration list for PBXNativeTarget "Fusion" */;
			buildPhases = (
				7E44A6B92B2A0CC300740EC4 /* Sources */,
				7E44A6BA2B2A0CC300740EC4 /* Frameworks */,
				7E44A6BB2B2A0CC300740EC4 /* Resources */,
			);
			buildRules = (
			);
			dependencies = (
			);
			name = Fusion;
			packageProductDependencies = (
				7E44A6DD2B2A0DBD00740EC4 /* FirebaseAuth */,
				7E44A6DF2B2A0DBD00740EC4 /* FirebaseAuthCombine-Community */,
				7E44A6E32B2A0DBD00740EC4 /* FirebaseDatabase */,
				7E44A6E52B2A0DBD00740EC4 /* FirebaseDatabaseSwift */,
				7E44A6E92B2A0DBD00740EC4 /* FirebaseFirestore */,
				7E44A6EB2B2A0DBD00740EC4 /* FirebaseFirestoreCombine-Community */,
				7E44A6ED2B2A0DBD00740EC4 /* FirebaseFirestoreSwift */,
				7E44A7032B2A0DBD00740EC4 /* FirebaseStorage */,
				7E44A7052B2A0DBD00740EC4 /* FirebaseStorageCombine-Community */,
				7E44A7152B2A13C900740EC4 /* SirioKitIOS */,
				7E44A7282B2A21D500740EC4 /* GoogleSignIn */,
				7E44A72A2B2A21D500740EC4 /* GoogleSignInSwift */,
			);
			productName = Fusion;
			productReference = 7E44A6BD2B2A0CC300740EC4 /* Fusion.app */;
			productType = "com.apple.product-type.application";
		};
/* End PBXNativeTarget section */

/* Begin PBXProject section */
		7E44A6B52B2A0CC300740EC4 /* Project object */ = {
			isa = PBXProject;
			attributes = {
				BuildIndependentTargetsInParallel = 1;
				LastSwiftUpdateCheck = 1510;
				LastUpgradeCheck = 1510;
				TargetAttributes = {
					7E44A6BC2B2A0CC300740EC4 = {
						CreatedOnToolsVersion = 15.1;
					};
				};
			};
			buildConfigurationList = 7E44A6B82B2A0CC300740EC4 /* Build configuration list for PBXProject "Fusion" */;
			compatibilityVersion = "Xcode 14.0";
			developmentRegion = en;
			hasScannedForEncodings = 0;
			knownRegions = (
				en,
				Base,
			);
			mainGroup = 7E44A6B42B2A0CC300740EC4;
			packageReferences = (
				7E44A6D02B2A0DBD00740EC4 /* XCRemoteSwiftPackageReference "firebase-ios-sdk" */,
				7E44A7142B2A13C900740EC4 /* XCRemoteSwiftPackageReference "sirio-kit-ios" */,
				7E44A7272B2A21D500740EC4 /* XCRemoteSwiftPackageReference "GoogleSignIn-iOS" */,
			);
			productRefGroup = 7E44A6BE2B2A0CC300740EC4 /* Products */;
			projectDirPath = "";
			projectRoot = "";
			targets = (
				7E44A6BC2B2A0CC300740EC4 /* Fusion */,
			);
		};
/* End PBXProject section */

/* Begin PBXResourcesBuildPhase section */
		7E44A6BB2B2A0CC300740EC4 /* Resources */ = {
			isa = PBXResourcesBuildPhase;
			buildActionMask = 2147483647;
			files = (
				7E4760812B4835F5006BECDD /* GoogleService-Info.plist in Resources */,
				7EAE01B22B4ABA8800CC5BC3 /* Titillium Web SemiBold.ttf in Resources */,
				7EAE01B32B4ABA8800CC5BC3 /* Titillium Web Bold.ttf in Resources */,
				7E44A6C82B2A0CC400740EC4 /* Preview Assets.xcassets in Resources */,
				7EAE01B12B4ABA8800CC5BC3 /* Titillium Web Regular.ttf in Resources */,
				7E44A6C52B2A0CC400740EC4 /* Assets.xcassets in Resources */,
			);
			runOnlyForDeploymentPostprocessing = 0;
		};
/* End PBXResourcesBuildPhase section */

/* Begin PBXSourcesBuildPhase section */
		7E44A6B92B2A0CC300740EC4 /* Sources */ = {
			isa = PBXSourcesBuildPhase;
			buildActionMask = 2147483647;
			files = (
				7E3CAFB02B35D09F00ED45B2 /* Product.swift in Sources */,
				7E2336142B3F60450069A270 /* SignUpScreen.swift in Sources */,
				7E3CAFAD2B35D00F00ED45B2 /* InteractiveDonutView.swift in Sources */,
				7E44A71B2B2A13F500740EC4 /* SplashScreen.swift in Sources */,
				7E44A7082B2A0DEA00740EC4 /* AppDelegate.swift in Sources */,
				7EB2A91B2B3F02E000DAB7AB /* Item.swift in Sources */,
				7EE523AF2B3CB946004DB658 /* UploaderViewModel.swift in Sources */,
				7EE523B22B3DF555004DB658 /* PhotoLibraryPickerView.swift in Sources */,
				7EAE01AC2B4AAE4500CC5BC3 /* MGText.swift in Sources */,
				7E44A7112B2A139900740EC4 /* Router.swift in Sources */,
				7EE523B42B3DF574004DB658 /* Localizable.swift in Sources */,
				7EAE01B92B4ABDFD00CC5BC3 /* Utils.swift in Sources */,
				7E44A7102B2A139900740EC4 /* NavigationRouter.swift in Sources */,
				7E44A7122B2A139900740EC4 /* NavigationTransitionStyle.swift in Sources */,
				7E44A71F2B2A142F00740EC4 /* HomeScreen.swift in Sources */,
				7E0B59BD2B30BB9A00056C97 /* FileDistributionBarView.swift in Sources */,
				7EAE01B52B4ABD6400CC5BC3 /* SharedItemsViewModel.swift in Sources */,
				7E0B59BF2B30BC5000056C97 /* Color+Extension.swift in Sources */,
				7E0B59C22B30BF2400056C97 /* RoundedCorner.swift in Sources */,
				7E47607A2B477927006BECDD /* CGFloat+Extension.swift in Sources */,
				7E44A7212B2A158500740EC4 /* DatabaseEnvironment.swift in Sources */,
				7E10527C2B49AC4E00C86E08 /* PhotosManager.swift in Sources */,
				7E44A7192B2A13EE00740EC4 /* SplashVC.swift in Sources */,
				7E47607C2B477B94006BECDD /* Date+Extension.swift in Sources */,
				7E4760782B45A364006BECDD /* ProgressBarViewModifier.swift in Sources */,
				7EAE01BB2B4ABEF600CC5BC3 /* DataManager.swift in Sources */,
				7E0B59BA2B30B87700056C97 /* MainScreen.swift in Sources */,
				7E10527A2B49709500C86E08 /* StorageManager.swift in Sources */,
				7E1C6E5C2B35D928002FB738 /* CardView.swift in Sources */,
				7E44A7262B2A206500740EC4 /* LoginViewModel.swift in Sources */,
				7E44A6C12B2A0CC300740EC4 /* FusionApp.swift in Sources */,
				7E0B59B52B30AFC900056C97 /* View+Extension.swift in Sources */,
				7E44A7242B2A187900740EC4 /* SignInScreen.swift in Sources */,
				7E1C6E5E2B35E3C8002FB738 /* Row.swift in Sources */,
				7E1C6E612B35EA9A002FB738 /* DetailScreen.swift in Sources */,
				7E44A7132B2A139900740EC4 /* Coordinator.swift in Sources */,
				7EAE01B72B4ABDD400CC5BC3 /* DocumentsManager.swift in Sources */,
			);
			runOnlyForDeploymentPostprocessing = 0;
		};
/* End PBXSourcesBuildPhase section */

/* Begin XCBuildConfiguration section */
		7E44A6C92B2A0CC400740EC4 /* Debug */ = {
			isa = XCBuildConfiguration;
			buildSettings = {
				ALWAYS_SEARCH_USER_PATHS = NO;
				ASSETCATALOG_COMPILER_GENERATE_SWIFT_ASSET_SYMBOL_EXTENSIONS = YES;
				CLANG_ANALYZER_NONNULL = YES;
				CLANG_ANALYZER_NUMBER_OBJECT_CONVERSION = YES_AGGRESSIVE;
				CLANG_CXX_LANGUAGE_STANDARD = "gnu++20";
				CLANG_ENABLE_MODULES = YES;
				CLANG_ENABLE_OBJC_ARC = YES;
				CLANG_ENABLE_OBJC_WEAK = YES;
				CLANG_WARN_BLOCK_CAPTURE_AUTORELEASING = YES;
				CLANG_WARN_BOOL_CONVERSION = YES;
				CLANG_WARN_COMMA = YES;
				CLANG_WARN_CONSTANT_CONVERSION = YES;
				CLANG_WARN_DEPRECATED_OBJC_IMPLEMENTATIONS = YES;
				CLANG_WARN_DIRECT_OBJC_ISA_USAGE = YES_ERROR;
				CLANG_WARN_DOCUMENTATION_COMMENTS = YES;
				CLANG_WARN_EMPTY_BODY = YES;
				CLANG_WARN_ENUM_CONVERSION = YES;
				CLANG_WARN_INFINITE_RECURSION = YES;
				CLANG_WARN_INT_CONVERSION = YES;
				CLANG_WARN_NON_LITERAL_NULL_CONVERSION = YES;
				CLANG_WARN_OBJC_IMPLICIT_RETAIN_SELF = YES;
				CLANG_WARN_OBJC_LITERAL_CONVERSION = YES;
				CLANG_WARN_OBJC_ROOT_CLASS = YES_ERROR;
				CLANG_WARN_QUOTED_INCLUDE_IN_FRAMEWORK_HEADER = YES;
				CLANG_WARN_RANGE_LOOP_ANALYSIS = YES;
				CLANG_WARN_STRICT_PROTOTYPES = YES;
				CLANG_WARN_SUSPICIOUS_MOVE = YES;
				CLANG_WARN_UNGUARDED_AVAILABILITY = YES_AGGRESSIVE;
				CLANG_WARN_UNREACHABLE_CODE = YES;
				CLANG_WARN__DUPLICATE_METHOD_MATCH = YES;
				COPY_PHASE_STRIP = NO;
				DEBUG_INFORMATION_FORMAT = dwarf;
				ENABLE_STRICT_OBJC_MSGSEND = YES;
				ENABLE_TESTABILITY = YES;
				ENABLE_USER_SCRIPT_SANDBOXING = YES;
				GCC_C_LANGUAGE_STANDARD = gnu17;
				GCC_DYNAMIC_NO_PIC = NO;
				GCC_NO_COMMON_BLOCKS = YES;
				GCC_OPTIMIZATION_LEVEL = 0;
				GCC_PREPROCESSOR_DEFINITIONS = (
					"DEBUG=1",
					"$(inherited)",
				);
				GCC_WARN_64_TO_32_BIT_CONVERSION = YES;
				GCC_WARN_ABOUT_RETURN_TYPE = YES_ERROR;
				GCC_WARN_UNDECLARED_SELECTOR = YES;
				GCC_WARN_UNINITIALIZED_AUTOS = YES_AGGRESSIVE;
				GCC_WARN_UNUSED_FUNCTION = YES;
				GCC_WARN_UNUSED_VARIABLE = YES;
				IPHONEOS_DEPLOYMENT_TARGET = 17.0;
				LOCALIZATION_PREFERS_STRING_CATALOGS = YES;
				MTL_ENABLE_DEBUG_INFO = INCLUDE_SOURCE;
				MTL_FAST_MATH = YES;
				ONLY_ACTIVE_ARCH = YES;
				SDKROOT = iphoneos;
				SWIFT_ACTIVE_COMPILATION_CONDITIONS = "DEBUG $(inherited)";
				SWIFT_OPTIMIZATION_LEVEL = "-Onone";
			};
			name = Debug;
		};
		7E44A6CA2B2A0CC400740EC4 /* Release */ = {
			isa = XCBuildConfiguration;
			buildSettings = {
				ALWAYS_SEARCH_USER_PATHS = NO;
				ASSETCATALOG_COMPILER_GENERATE_SWIFT_ASSET_SYMBOL_EXTENSIONS = YES;
				CLANG_ANALYZER_NONNULL = YES;
				CLANG_ANALYZER_NUMBER_OBJECT_CONVERSION = YES_AGGRESSIVE;
				CLANG_CXX_LANGUAGE_STANDARD = "gnu++20";
				CLANG_ENABLE_MODULES = YES;
				CLANG_ENABLE_OBJC_ARC = YES;
				CLANG_ENABLE_OBJC_WEAK = YES;
				CLANG_WARN_BLOCK_CAPTURE_AUTORELEASING = YES;
				CLANG_WARN_BOOL_CONVERSION = YES;
				CLANG_WARN_COMMA = YES;
				CLANG_WARN_CONSTANT_CONVERSION = YES;
				CLANG_WARN_DEPRECATED_OBJC_IMPLEMENTATIONS = YES;
				CLANG_WARN_DIRECT_OBJC_ISA_USAGE = YES_ERROR;
				CLANG_WARN_DOCUMENTATION_COMMENTS = YES;
				CLANG_WARN_EMPTY_BODY = YES;
				CLANG_WARN_ENUM_CONVERSION = YES;
				CLANG_WARN_INFINITE_RECURSION = YES;
				CLANG_WARN_INT_CONVERSION = YES;
				CLANG_WARN_NON_LITERAL_NULL_CONVERSION = YES;
				CLANG_WARN_OBJC_IMPLICIT_RETAIN_SELF = YES;
				CLANG_WARN_OBJC_LITERAL_CONVERSION = YES;
				CLANG_WARN_OBJC_ROOT_CLASS = YES_ERROR;
				CLANG_WARN_QUOTED_INCLUDE_IN_FRAMEWORK_HEADER = YES;
				CLANG_WARN_RANGE_LOOP_ANALYSIS = YES;
				CLANG_WARN_STRICT_PROTOTYPES = YES;
				CLANG_WARN_SUSPICIOUS_MOVE = YES;
				CLANG_WARN_UNGUARDED_AVAILABILITY = YES_AGGRESSIVE;
				CLANG_WARN_UNREACHABLE_CODE = YES;
				CLANG_WARN__DUPLICATE_METHOD_MATCH = YES;
				COPY_PHASE_STRIP = NO;
				DEBUG_INFORMATION_FORMAT = "dwarf-with-dsym";
				ENABLE_NS_ASSERTIONS = NO;
				ENABLE_STRICT_OBJC_MSGSEND = YES;
				ENABLE_USER_SCRIPT_SANDBOXING = YES;
				GCC_C_LANGUAGE_STANDARD = gnu17;
				GCC_NO_COMMON_BLOCKS = YES;
				GCC_WARN_64_TO_32_BIT_CONVERSION = YES;
				GCC_WARN_ABOUT_RETURN_TYPE = YES_ERROR;
				GCC_WARN_UNDECLARED_SELECTOR = YES;
				GCC_WARN_UNINITIALIZED_AUTOS = YES_AGGRESSIVE;
				GCC_WARN_UNUSED_FUNCTION = YES;
				GCC_WARN_UNUSED_VARIABLE = YES;
				IPHONEOS_DEPLOYMENT_TARGET = 17.0;
				LOCALIZATION_PREFERS_STRING_CATALOGS = YES;
				MTL_ENABLE_DEBUG_INFO = NO;
				MTL_FAST_MATH = YES;
				SDKROOT = iphoneos;
				SWIFT_COMPILATION_MODE = wholemodule;
				VALIDATE_PRODUCT = YES;
			};
			name = Release;
		};
		7E44A6CC2B2A0CC400740EC4 /* Debug */ = {
			isa = XCBuildConfiguration;
			buildSettings = {
				ASSETCATALOG_COMPILER_APPICON_NAME = AppIcon;
				ASSETCATALOG_COMPILER_GLOBAL_ACCENT_COLOR_NAME = AccentColor;
				CODE_SIGN_STYLE = Automatic;
				CURRENT_PROJECT_VERSION = 1;
				DEVELOPMENT_ASSET_PATHS = "\"Fusion/Preview Content\"";
				DEVELOPMENT_TEAM = 6HM7MTDP7L;
				ENABLE_PREVIEWS = YES;
				GENERATE_INFOPLIST_FILE = YES;
				INFOPLIST_FILE = Fusion/Info.plist;
				INFOPLIST_KEY_NSPhotoLibraryUsageDescription = "L' app richiede l'accesso alla libreria foto per permettere la condivisione di file.";
				INFOPLIST_KEY_UIApplicationSceneManifest_Generation = YES;
				INFOPLIST_KEY_UIApplicationSupportsIndirectInputEvents = YES;
				INFOPLIST_KEY_UILaunchScreen_Generation = YES;
				INFOPLIST_KEY_UISupportedInterfaceOrientations = UIInterfaceOrientationPortrait;
				INFOPLIST_KEY_UISupportedInterfaceOrientations_iPad = "UIInterfaceOrientationPortrait UIInterfaceOrientationPortraitUpsideDown";
				INFOPLIST_KEY_UIUserInterfaceStyle = Light;
				IPHONEOS_DEPLOYMENT_TARGET = 17.0;
				LD_RUNPATH_SEARCH_PATHS = (
					"$(inherited)",
					"@executable_path/Frameworks",
				);
				MARKETING_VERSION = 1.0;
				PRODUCT_BUNDLE_IDENTIFIER = it.matteogentili.fusion;
				PRODUCT_NAME = "$(TARGET_NAME)";
				SUPPORTED_PLATFORMS = "iphoneos iphonesimulator";
				SUPPORTS_MACCATALYST = NO;
				SUPPORTS_MAC_DESIGNED_FOR_IPHONE_IPAD = NO;
				SWIFT_EMIT_LOC_STRINGS = YES;
				SWIFT_VERSION = 5.0;
				TARGETED_DEVICE_FAMILY = 1;
			};
			name = Debug;
		};
		7E44A6CD2B2A0CC400740EC4 /* Release */ = {
			isa = XCBuildConfiguration;
			buildSettings = {
				ASSETCATALOG_COMPILER_APPICON_NAME = AppIcon;
				ASSETCATALOG_COMPILER_GLOBAL_ACCENT_COLOR_NAME = AccentColor;
				CODE_SIGN_STYLE = Automatic;
				CURRENT_PROJECT_VERSION = 1;
				DEVELOPMENT_ASSET_PATHS = "\"Fusion/Preview Content\"";
				DEVELOPMENT_TEAM = 6HM7MTDP7L;
				ENABLE_PREVIEWS = YES;
				GENERATE_INFOPLIST_FILE = YES;
				INFOPLIST_FILE = Fusion/Info.plist;
				INFOPLIST_KEY_NSPhotoLibraryUsageDescription = "L' app richiede l'accesso alla libreria foto per permettere la condivisione di file.";
				INFOPLIST_KEY_UIApplicationSceneManifest_Generation = YES;
				INFOPLIST_KEY_UIApplicationSupportsIndirectInputEvents = YES;
				INFOPLIST_KEY_UILaunchScreen_Generation = YES;
				INFOPLIST_KEY_UISupportedInterfaceOrientations = UIInterfaceOrientationPortrait;
				INFOPLIST_KEY_UISupportedInterfaceOrientations_iPad = "UIInterfaceOrientationPortrait UIInterfaceOrientationPortraitUpsideDown";
				INFOPLIST_KEY_UIUserInterfaceStyle = Light;
				IPHONEOS_DEPLOYMENT_TARGET = 17.0;
				LD_RUNPATH_SEARCH_PATHS = (
					"$(inherited)",
					"@executable_path/Frameworks",
				);
				MARKETING_VERSION = 1.0;
				PRODUCT_BUNDLE_IDENTIFIER = it.matteogentili.fusion;
				PRODUCT_NAME = "$(TARGET_NAME)";
				SUPPORTED_PLATFORMS = "iphoneos iphonesimulator";
				SUPPORTS_MACCATALYST = NO;
				SUPPORTS_MAC_DESIGNED_FOR_IPHONE_IPAD = NO;
				SWIFT_EMIT_LOC_STRINGS = YES;
				SWIFT_VERSION = 5.0;
				TARGETED_DEVICE_FAMILY = 1;
			};
			name = Release;
		};
/* End XCBuildConfiguration section */

/* Begin XCConfigurationList section */
		7E44A6B82B2A0CC300740EC4 /* Build configuration list for PBXProject "Fusion" */ = {
			isa = XCConfigurationList;
			buildConfigurations = (
				7E44A6C92B2A0CC400740EC4 /* Debug */,
				7E44A6CA2B2A0CC400740EC4 /* Release */,
			);
			defaultConfigurationIsVisible = 0;
			defaultConfigurationName = Release;
		};
		7E44A6CB2B2A0CC400740EC4 /* Build configuration list for PBXNativeTarget "Fusion" */ = {
			isa = XCConfigurationList;
			buildConfigurations = (
				7E44A6CC2B2A0CC400740EC4 /* Debug */,
				7E44A6CD2B2A0CC400740EC4 /* Release */,
			);
			defaultConfigurationIsVisible = 0;
			defaultConfigurationName = Release;
		};
/* End XCConfigurationList section */

/* Begin XCRemoteSwiftPackageReference section */
		7E44A6D02B2A0DBD00740EC4 /* XCRemoteSwiftPackageReference "firebase-ios-sdk" */ = {
			isa = XCRemoteSwiftPackageReference;
			repositoryURL = "https://github.com/firebase/firebase-ios-sdk";
			requirement = {
				kind = upToNextMajorVersion;
				minimumVersion = 10.19.0;
			};
		};
		7E44A7142B2A13C900740EC4 /* XCRemoteSwiftPackageReference "sirio-kit-ios" */ = {
			isa = XCRemoteSwiftPackageReference;
			repositoryURL = "https://gitlab.progettopa.it/mobile-team/siriocomponent/sirio-kit-ios";
			requirement = {
				kind = upToNextMajorVersion;
				minimumVersion = 0.0.299;
			};
		};
		7E44A7272B2A21D500740EC4 /* XCRemoteSwiftPackageReference "GoogleSignIn-iOS" */ = {
			isa = XCRemoteSwiftPackageReference;
			repositoryURL = "https://github.com/google/GoogleSignIn-iOS.git";
			requirement = {
				kind = upToNextMajorVersion;
				minimumVersion = 7.0.0;
			};
		};
/* End XCRemoteSwiftPackageReference section */

/* Begin XCSwiftPackageProductDependency section */
		7E44A6DD2B2A0DBD00740EC4 /* FirebaseAuth */ = {
			isa = XCSwiftPackageProductDependency;
			package = 7E44A6D02B2A0DBD00740EC4 /* XCRemoteSwiftPackageReference "firebase-ios-sdk" */;
			productName = FirebaseAuth;
		};
		7E44A6DF2B2A0DBD00740EC4 /* FirebaseAuthCombine-Community */ = {
			isa = XCSwiftPackageProductDependency;
			package = 7E44A6D02B2A0DBD00740EC4 /* XCRemoteSwiftPackageReference "firebase-ios-sdk" */;
			productName = "FirebaseAuthCombine-Community";
		};
		7E44A6E32B2A0DBD00740EC4 /* FirebaseDatabase */ = {
			isa = XCSwiftPackageProductDependency;
			package = 7E44A6D02B2A0DBD00740EC4 /* XCRemoteSwiftPackageReference "firebase-ios-sdk" */;
			productName = FirebaseDatabase;
		};
		7E44A6E52B2A0DBD00740EC4 /* FirebaseDatabaseSwift */ = {
			isa = XCSwiftPackageProductDependency;
			package = 7E44A6D02B2A0DBD00740EC4 /* XCRemoteSwiftPackageReference "firebase-ios-sdk" */;
			productName = FirebaseDatabaseSwift;
		};
		7E44A6E92B2A0DBD00740EC4 /* FirebaseFirestore */ = {
			isa = XCSwiftPackageProductDependency;
			package = 7E44A6D02B2A0DBD00740EC4 /* XCRemoteSwiftPackageReference "firebase-ios-sdk" */;
			productName = FirebaseFirestore;
		};
		7E44A6EB2B2A0DBD00740EC4 /* FirebaseFirestoreCombine-Community */ = {
			isa = XCSwiftPackageProductDependency;
			package = 7E44A6D02B2A0DBD00740EC4 /* XCRemoteSwiftPackageReference "firebase-ios-sdk" */;
			productName = "FirebaseFirestoreCombine-Community";
		};
		7E44A6ED2B2A0DBD00740EC4 /* FirebaseFirestoreSwift */ = {
			isa = XCSwiftPackageProductDependency;
			package = 7E44A6D02B2A0DBD00740EC4 /* XCRemoteSwiftPackageReference "firebase-ios-sdk" */;
			productName = FirebaseFirestoreSwift;
		};
		7E44A7032B2A0DBD00740EC4 /* FirebaseStorage */ = {
			isa = XCSwiftPackageProductDependency;
			package = 7E44A6D02B2A0DBD00740EC4 /* XCRemoteSwiftPackageReference "firebase-ios-sdk" */;
			productName = FirebaseStorage;
		};
		7E44A7052B2A0DBD00740EC4 /* FirebaseStorageCombine-Community */ = {
			isa = XCSwiftPackageProductDependency;
			package = 7E44A6D02B2A0DBD00740EC4 /* XCRemoteSwiftPackageReference "firebase-ios-sdk" */;
			productName = "FirebaseStorageCombine-Community";
		};
		7E44A7152B2A13C900740EC4 /* SirioKitIOS */ = {
			isa = XCSwiftPackageProductDependency;
			package = 7E44A7142B2A13C900740EC4 /* XCRemoteSwiftPackageReference "sirio-kit-ios" */;
			productName = SirioKitIOS;
		};
		7E44A7282B2A21D500740EC4 /* GoogleSignIn */ = {
			isa = XCSwiftPackageProductDependency;
			package = 7E44A7272B2A21D500740EC4 /* XCRemoteSwiftPackageReference "GoogleSignIn-iOS" */;
			productName = GoogleSignIn;
		};
		7E44A72A2B2A21D500740EC4 /* GoogleSignInSwift */ = {
			isa = XCSwiftPackageProductDependency;
			package = 7E44A7272B2A21D500740EC4 /* XCRemoteSwiftPackageReference "GoogleSignIn-iOS" */;
			productName = GoogleSignInSwift;
		};
/* End XCSwiftPackageProductDependency section */
	};
	rootObject = 7E44A6B52B2A0CC300740EC4 /* Project object */;
}
